
Microsoft Visual Studio Solution File, Format Version 11.00
# Visual Studio 2010
Project("{FAE04EC0-301F-11D3-BF4B-00C04F79EFBC}") = "Cook", "Assembly-CSharp.csproj", "{0D9D74E2-BB54-C9A0-1FCC-2A5AB4EA4F91}"
EndProject
Global
	GlobalSection(SolutionConfigurationPlatforms) = preSolution
		Debug|Any CPU = Debug|Any CPU
		Release|Any CPU = Release|Any CPU
	EndGlobalSection
	GlobalSection(ProjectConfigurationPlatforms) = postSolution
		{0D9D74E2-BB54-C9A0-1FCC-2A5AB4EA4F91}.Debug|Any CPU.ActiveCfg = Debug|Any CPU
		{0D9D74E2-BB54-C9A0-1FCC-2A5AB4EA4F91}.Debug|Any CPU.Build.0 = Debug|Any CPU
		{0D9D74E2-BB54-C9A0-1FCC-2A5AB4EA4F91}.Release|Any CPU.ActiveCfg = Release|Any CPU
		{0D9D74E2-BB54-C9A0-1FCC-2A5AB4EA4F91}.Release|Any CPU.Build.0 = Release|Any CPU
	EndGlobalSection
	GlobalSection(SolutionProperties) = preSolution
		HideSolutionNode = FALSE
	EndGlobalSection
	GlobalSection(MonoDevelopProperties) = preSolution
		StartupItem = Assembly-CSharp.csproj
	EndGlobalSection
EndGlobal
